
Microsoft Visual Studio Solution File, Format Version 12.00
# Visual Studio Version 16
VisualStudioVersion = 16.0.31112.23
MinimumVisualStudioVersion = 10.0.40219.1
Project("{FAE04EC0-301F-11D3-BF4B-00C04F79EFBC}") = "Test1", "Test1\Test1.csproj", "{0265A0AB-02A2-4841-B6B7-CC4513A8E309}"
EndProject
Global
	GlobalSection(SolutionConfigurationPlatforms) = preSolution
		Debug|Any CPU = Debug|Any CPU
		Release|Any CPU = Release|Any CPU
	EndGlobalSection
	GlobalSection(ProjectConfigurationPlatforms) = postSolution
		{0265A0AB-02A2-4841-B6B7-CC4513A8E309}.Debug|Any CPU.ActiveCfg = Debug|Any CPU
		{0265A0AB-02A2-4841-B6B7-CC4513A8E309}.Debug|Any CPU.Build.0 = Debug|Any CPU
		{0265A0AB-02A2-4841-B6B7-CC4513A8E309}.Release|Any CPU.ActiveCfg = Release|Any CPU
		{0265A0AB-02A2-4841-B6B7-CC4513A8E309}.Release|Any CPU.Build.0 = Release|Any CPU
	EndGlobalSection
	GlobalSection(SolutionProperties) = preSolution
		HideSolutionNode = FALSE
	EndGlobalSection
	GlobalSection(ExtensibilityGlobals) = postSolution
		SolutionGuid = {41B07703-3DD7-4A1C-9331-77FE1FAE6F08}
	EndGlobalSection
EndGlobal
